// !$*UTF8*$!
{
	archiveVersion = 1;
	classes = {
	};
	objectVersion = 55;
	objects = {

/* Begin PBXBuildFile section */
		1F054EAC2B5E1CAD00544A55 /* Buttons.plist in Resources */ = {isa = PBXBuildFile; fileRef = 1F054EAB2B5E1CAD00544A55 /* Buttons.plist */; };
		1F054EAE2B5E1DFC00544A55 /* Config.swift in Sources */ = {isa = PBXBuildFile; fileRef = 1F054EAD2B5E1DFC00544A55 /* Config.swift */; };
		1F05D4442A817A65006C0D5D /* CameraStreamingService.swift in Sources */ = {isa = PBXBuildFile; fileRef = 1F05D4432A817A65006C0D5D /* CameraStreamingService.swift */; };
		1F09ADFF2A09EB2A00BABD63 /* UDPManager.swift in Sources */ = {isa = PBXBuildFile; fileRef = 1F09ADFE2A09EB2A00BABD63 /* UDPManager.swift */; };
		1F5FEAB4288BAF1300D8C2B2 /* AppDelegate.swift in Sources */ = {isa = PBXBuildFile; fileRef = 1F5FEAB3288BAF1300D8C2B2 /* AppDelegate.swift */; };
		1F5FEAB6288BAF1300D8C2B2 /* SceneDelegate.swift in Sources */ = {isa = PBXBuildFile; fileRef = 1F5FEAB5288BAF1300D8C2B2 /* SceneDelegate.swift */; };
		1F5FEAB8288BAF1300D8C2B2 /* ViewController.swift in Sources */ = {isa = PBXBuildFile; fileRef = 1F5FEAB7288BAF1300D8C2B2 /* ViewController.swift */; };
		1F5FEABB288BAF1300D8C2B2 /* Main.storyboard in Resources */ = {isa = PBXBuildFile; fileRef = 1F5FEAB9288BAF1300D8C2B2 /* Main.storyboard */; };
		1F5FEABD288BAF1400D8C2B2 /* Assets.xcassets in Resources */ = {isa = PBXBuildFile; fileRef = 1F5FEABC288BAF1400D8C2B2 /* Assets.xcassets */; };
		1F5FEAC0288BAF1400D8C2B2 /* LaunchScreen.storyboard in Resources */ = {isa = PBXBuildFile; fileRef = 1F5FEABE288BAF1400D8C2B2 /* LaunchScreen.storyboard */; };
		1F6B41122B82F58400A7118F /* VideoManager.swift in Sources */ = {isa = PBXBuildFile; fileRef = 1F6B41112B82F58400A7118F /* VideoManager.swift */; };
		1F6B411D2B82FD0C00A7118F /* R.generated.swift in Sources */ = {isa = PBXBuildFile; fileRef = 1F6B411C2B82FD0C00A7118F /* R.generated.swift */; };
		1F6B41202B83006B00A7118F /* Localizable.strings in Resources */ = {isa = PBXBuildFile; fileRef = 1F6B41222B83006B00A7118F /* Localizable.strings */; };
		1F99684A288DCBB5008A1DB6 /* UIView+Extension.swift in Sources */ = {isa = PBXBuildFile; fileRef = 1F996849288DCBB5008A1DB6 /* UIView+Extension.swift */; };
		1FB1EE102CC82EA4000531EF /* ColorViewController.swift in Sources */ = {isa = PBXBuildFile; fileRef = 1FB1EE0F2CC82E9D000531EF /* ColorViewController.swift */; };
		1FC112D12C2F6B9B00C8DF4E /* InfoCommandsViewController.swift in Sources */ = {isa = PBXBuildFile; fileRef = 1FC112D02C2F6B9B00C8DF4E /* InfoCommandsViewController.swift */; };
		1FD764282A836E7D006C8442 /* SwiftyUserDefaults in Frameworks */ = {isa = PBXBuildFile; productRef = 1FD764272A836E7D006C8442 /* SwiftyUserDefaults */; };
		1FD7642A2A836E9B006C8442 /* URLViewController.swift in Sources */ = {isa = PBXBuildFile; fileRef = 1FD764292A836E9B006C8442 /* URLViewController.swift */; };
		1FDCAE5C288CFFDF00C9CE7C /* Utils.swift in Sources */ = {isa = PBXBuildFile; fileRef = 1FDCAE5B288CFFDF00C9CE7C /* Utils.swift */; };
		1FF748FC2A02AB3E006B25D6 /* Slider.swift in Sources */ = {isa = PBXBuildFile; fileRef = 1FF748FB2A02AB3E006B25D6 /* Slider.swift */; };
		FE6699C77F70CAD0FE82820C /* Pods_wifiCamCarro.framework in Frameworks */ = {isa = PBXBuildFile; fileRef = D6689EC0F3DF126873810972 /* Pods_wifiCamCarro.framework */; };
/* End PBXBuildFile section */

/* Begin PBXFileReference section */
		016435145BCCB58991087ACC /* Pods-wifiCamCarro.debug.xcconfig */ = {isa = PBXFileReference; includeInIndex = 1; lastKnownFileType = text.xcconfig; name = "Pods-wifiCamCarro.debug.xcconfig"; path = "Target Support Files/Pods-wifiCamCarro/Pods-wifiCamCarro.debug.xcconfig"; sourceTree = "<group>"; };
		1F054EAB2B5E1CAD00544A55 /* Buttons.plist */ = {isa = PBXFileReference; lastKnownFileType = text.plist.xml; name = Buttons.plist; path = Managers/Buttons.plist; sourceTree = "<group>"; };
		1F054EAD2B5E1DFC00544A55 /* Config.swift */ = {isa = PBXFileReference; lastKnownFileType = sourcecode.swift; path = Config.swift; sourceTree = "<group>"; };
		1F05D4432A817A65006C0D5D /* CameraStreamingService.swift */ = {isa = PBXFileReference; lastKnownFileType = sourcecode.swift; path = CameraStreamingService.swift; sourceTree = "<group>"; };
		1F09ADFE2A09EB2A00BABD63 /* UDPManager.swift */ = {isa = PBXFileReference; lastKnownFileType = sourcecode.swift; path = UDPManager.swift; sourceTree = "<group>"; };
		1F155F872B8306CA007942A8 /* en */ = {isa = PBXFileReference; lastKnownFileType = text.plist.strings; name = en; path = en.lproj/Main.strings; sourceTree = "<group>"; };
		1F5FEAB0288BAF1300D8C2B2 /* wifiCamCarro.app */ = {isa = PBXFileReference; explicitFileType = wrapper.application; includeInIndex = 0; path = wifiCamCarro.app; sourceTree = BUILT_PRODUCTS_DIR; };
		1F5FEAB3288BAF1300D8C2B2 /* AppDelegate.swift */ = {isa = PBXFileReference; lastKnownFileType = sourcecode.swift; path = AppDelegate.swift; sourceTree = "<group>"; };
		1F5FEAB5288BAF1300D8C2B2 /* SceneDelegate.swift */ = {isa = PBXFileReference; lastKnownFileType = sourcecode.swift; path = SceneDelegate.swift; sourceTree = "<group>"; };
		1F5FEAB7288BAF1300D8C2B2 /* ViewController.swift */ = {isa = PBXFileReference; lastKnownFileType = sourcecode.swift; path = ViewController.swift; sourceTree = "<group>"; };
		1F5FEABA288BAF1300D8C2B2 /* Base */ = {isa = PBXFileReference; lastKnownFileType = file.storyboard; name = Base; path = Base.lproj/Main.storyboard; sourceTree = "<group>"; };
		1F5FEABC288BAF1400D8C2B2 /* Assets.xcassets */ = {isa = PBXFileReference; lastKnownFileType = folder.assetcatalog; path = Assets.xcassets; sourceTree = "<group>"; };
		1F5FEABF288BAF1400D8C2B2 /* Base */ = {isa = PBXFileReference; lastKnownFileType = file.storyboard; name = Base; path = Base.lproj/LaunchScreen.storyboard; sourceTree = "<group>"; };
		1F5FEAC1288BAF1400D8C2B2 /* Info.plist */ = {isa = PBXFileReference; lastKnownFileType = text.plist.xml; path = Info.plist; sourceTree = "<group>"; };
		1F6B41112B82F58400A7118F /* VideoManager.swift */ = {isa = PBXFileReference; lastKnownFileType = sourcecode.swift; path = VideoManager.swift; sourceTree = "<group>"; };
		1F6B41132B82F80100A7118F /* es-419 */ = {isa = PBXFileReference; lastKnownFileType = text.plist.strings; name = "es-419"; path = "es-419.lproj/Main.strings"; sourceTree = "<group>"; };
		1F6B41142B82F80100A7118F /* es-419 */ = {isa = PBXFileReference; lastKnownFileType = text.plist.strings; name = "es-419"; path = "es-419.lproj/LaunchScreen.strings"; sourceTree = "<group>"; };
		1F6B411C2B82FD0C00A7118F /* R.generated.swift */ = {isa = PBXFileReference; fileEncoding = 4; lastKnownFileType = sourcecode.swift; path = R.generated.swift; sourceTree = SOURCE_ROOT; };
		1F6B41212B83006B00A7118F /* es-419 */ = {isa = PBXFileReference; lastKnownFileType = text.plist.strings; name = "es-419"; path = "es-419.lproj/Localizable.strings"; sourceTree = "<group>"; };
		1F6B41232B83006E00A7118F /* en */ = {isa = PBXFileReference; lastKnownFileType = text.plist.strings; name = en; path = en.lproj/Localizable.strings; sourceTree = "<group>"; };
		1F996849288DCBB5008A1DB6 /* UIView+Extension.swift */ = {isa = PBXFileReference; lastKnownFileType = sourcecode.swift; path = "UIView+Extension.swift"; sourceTree = "<group>"; };
		1FB1EE0F2CC82E9D000531EF /* ColorViewController.swift */ = {isa = PBXFileReference; lastKnownFileType = sourcecode.swift; path = ColorViewController.swift; sourceTree = "<group>"; };
		1FC112D02C2F6B9B00C8DF4E /* InfoCommandsViewController.swift */ = {isa = PBXFileReference; lastKnownFileType = sourcecode.swift; path = InfoCommandsViewController.swift; sourceTree = "<group>"; };
		1FD764292A836E9B006C8442 /* URLViewController.swift */ = {isa = PBXFileReference; lastKnownFileType = sourcecode.swift; path = URLViewController.swift; sourceTree = "<group>"; };
		1FDCAE5B288CFFDF00C9CE7C /* Utils.swift */ = {isa = PBXFileReference; lastKnownFileType = sourcecode.swift; path = Utils.swift; sourceTree = "<group>"; };
		1FF748FB2A02AB3E006B25D6 /* Slider.swift */ = {isa = PBXFileReference; lastKnownFileType = sourcecode.swift; path = Slider.swift; sourceTree = "<group>"; };
		4B1308155B5D391CA4AF7246 /* Pods-wifiCamCarro.release.xcconfig */ = {isa = PBXFileReference; includeInIndex = 1; lastKnownFileType = text.xcconfig; name = "Pods-wifiCamCarro.release.xcconfig"; path = "Target Support Files/Pods-wifiCamCarro/Pods-wifiCamCarro.release.xcconfig"; sourceTree = "<group>"; };
		D6689EC0F3DF126873810972 /* Pods_wifiCamCarro.framework */ = {isa = PBXFileReference; explicitFileType = wrapper.framework; includeInIndex = 0; path = Pods_wifiCamCarro.framework; sourceTree = BUILT_PRODUCTS_DIR; };
/* End PBXFileReference section */

/* Begin PBXFrameworksBuildPhase section */
		1F5FEAAD288BAF1300D8C2B2 /* Frameworks */ = {
			isa = PBXFrameworksBuildPhase;
			buildActionMask = 2147483647;
			files = (
				1FD764282A836E7D006C8442 /* SwiftyUserDefaults in Frameworks */,
				FE6699C77F70CAD0FE82820C /* Pods_wifiCamCarro.framework in Frameworks */,
			);
			runOnlyForDeploymentPostprocessing = 0;
		};
/* End PBXFrameworksBuildPhase section */

/* Begin PBXGroup section */
		1F5FEAA7288BAF1300D8C2B2 = {
			isa = PBXGroup;
			children = (
				1F5FEAB2288BAF1300D8C2B2 /* wifiCamCarro */,
				1F5FEAB1288BAF1300D8C2B2 /* Products */,
				386BF0AF358DA0A16AD9AD1D /* Pods */,
				375E3C2B51AB8C8F52257278 /* Frameworks */,
			);
			sourceTree = "<group>";
		};
		1F5FEAB1288BAF1300D8C2B2 /* Products */ = {
			isa = PBXGroup;
			children = (
				1F5FEAB0288BAF1300D8C2B2 /* wifiCamCarro.app */,
			);
			name = Products;
			sourceTree = "<group>";
		};
		1F5FEAB2288BAF1300D8C2B2 /* wifiCamCarro */ = {
			isa = PBXGroup;
			children = (
				1F5FEAB3288BAF1300D8C2B2 /* AppDelegate.swift */,
				1F5FEAB5288BAF1300D8C2B2 /* SceneDelegate.swift */,
				1F6B411C2B82FD0C00A7118F /* R.generated.swift */,
				1FD7642B2A836EF5006C8442 /* ViewControllers */,
				1FD7642D2A836FB5006C8442 /* Managers */,
				1FD7642C2A836F9C006C8442 /* Extensions */,
				1FDCAE5B288CFFDF00C9CE7C /* Utils.swift */,
				1F5FEAB9288BAF1300D8C2B2 /* Main.storyboard */,
				1F054EAB2B5E1CAD00544A55 /* Buttons.plist */,
				1F5FEABC288BAF1400D8C2B2 /* Assets.xcassets */,
				1F6B41222B83006B00A7118F /* Localizable.strings */,
				1F5FEABE288BAF1400D8C2B2 /* LaunchScreen.storyboard */,
				1F5FEAC1288BAF1400D8C2B2 /* Info.plist */,
			);
			path = wifiCamCarro;
			sourceTree = "<group>";
		};
		1FD7642B2A836EF5006C8442 /* ViewControllers */ = {
			isa = PBXGroup;
			children = (
				1F5FEAB7288BAF1300D8C2B2 /* ViewController.swift */,
				1FD764292A836E9B006C8442 /* URLViewController.swift */,
				1FC112D02C2F6B9B00C8DF4E /* InfoCommandsViewController.swift */,
				1FB1EE0F2CC82E9D000531EF /* ColorViewController.swift */,
			);
			path = ViewControllers;
			sourceTree = "<group>";
		};
		1FD7642C2A836F9C006C8442 /* Extensions */ = {
			isa = PBXGroup;
			children = (
				1F996849288DCBB5008A1DB6 /* UIView+Extension.swift */,
				1FF748FB2A02AB3E006B25D6 /* Slider.swift */,
			);
			path = Extensions;
			sourceTree = "<group>";
		};
		1FD7642D2A836FB5006C8442 /* Managers */ = {
			isa = PBXGroup;
			children = (
				1F05D4432A817A65006C0D5D /* CameraStreamingService.swift */,
				1F6B41112B82F58400A7118F /* VideoManager.swift */,
				1F09ADFE2A09EB2A00BABD63 /* UDPManager.swift */,
				1F054EAD2B5E1DFC00544A55 /* Config.swift */,
			);
			path = Managers;
			sourceTree = "<group>";
		};
		375E3C2B51AB8C8F52257278 /* Frameworks */ = {
			isa = PBXGroup;
			children = (
				D6689EC0F3DF126873810972 /* Pods_wifiCamCarro.framework */,
			);
			name = Frameworks;
			sourceTree = "<group>";
		};
		386BF0AF358DA0A16AD9AD1D /* Pods */ = {
			isa = PBXGroup;
			children = (
				016435145BCCB58991087ACC /* Pods-wifiCamCarro.debug.xcconfig */,
				4B1308155B5D391CA4AF7246 /* Pods-wifiCamCarro.release.xcconfig */,
			);
			path = Pods;
			sourceTree = "<group>";
		};
/* End PBXGroup section */

/* Begin PBXNativeTarget section */
		1F5FEAAF288BAF1300D8C2B2 /* wifiCamCarro */ = {
			isa = PBXNativeTarget;
			buildConfigurationList = 1F5FEAC4288BAF1400D8C2B2 /* Build configuration list for PBXNativeTarget "wifiCamCarro" */;
			buildPhases = (
				ADBF5897DB20D20FC0B4099B /* [CP] Check Pods Manifest.lock */,
				1F6B411B2B82FBEB00A7118F /* ShellScript */,
				1F5FEAAC288BAF1300D8C2B2 /* Sources */,
				1F5FEAAD288BAF1300D8C2B2 /* Frameworks */,
				1F5FEAAE288BAF1300D8C2B2 /* Resources */,
				774D4661D8C7CF089408EAC2 /* [CP] Embed Pods Frameworks */,
			);
			buildRules = (
			);
			dependencies = (
			);
			name = wifiCamCarro;
			packageProductDependencies = (
				1FD764272A836E7D006C8442 /* SwiftyUserDefaults */,
			);
			productName = wifiCarro;
			productReference = 1F5FEAB0288BAF1300D8C2B2 /* wifiCamCarro.app */;
			productType = "com.apple.product-type.application";
		};
/* End PBXNativeTarget section */

/* Begin PBXProject section */
		1F5FEAA8288BAF1300D8C2B2 /* Project object */ = {
			isa = PBXProject;
			attributes = {
				BuildIndependentTargetsInParallel = 1;
				LastSwiftUpdateCheck = 1340;
				LastUpgradeCheck = 1340;
				TargetAttributes = {
					1F5FEAAF288BAF1300D8C2B2 = {
						CreatedOnToolsVersion = 13.4.1;
					};
				};
			};
			buildConfigurationList = 1F5FEAAB288BAF1300D8C2B2 /* Build configuration list for PBXProject "wifiCamCarro" */;
			compatibilityVersion = "Xcode 13.0";
			developmentRegion = "es-419";
			hasScannedForEncodings = 0;
			knownRegions = (
				en,
				Base,
				"es-419",
			);
			mainGroup = 1F5FEAA7288BAF1300D8C2B2;
			packageReferences = (
				1FD764262A836E7D006C8442 /* XCRemoteSwiftPackageReference "SwiftyUserDefaults" */,
			);
			productRefGroup = 1F5FEAB1288BAF1300D8C2B2 /* Products */;
			projectDirPath = "";
			projectRoot = "";
			targets = (
				1F5FEAAF288BAF1300D8C2B2 /* wifiCamCarro */,
			);
		};
/* End PBXProject section */

/* Begin PBXResourcesBuildPhase section */
		1F5FEAAE288BAF1300D8C2B2 /* Resources */ = {
			isa = PBXResourcesBuildPhase;
			buildActionMask = 2147483647;
			files = (
				1F5FEAC0288BAF1400D8C2B2 /* LaunchScreen.storyboard in Resources */,
				1F6B41202B83006B00A7118F /* Localizable.strings in Resources */,
				1F5FEABD288BAF1400D8C2B2 /* Assets.xcassets in Resources */,
				1F054EAC2B5E1CAD00544A55 /* Buttons.plist in Resources */,
				1F5FEABB288BAF1300D8C2B2 /* Main.storyboard in Resources */,
			);
			runOnlyForDeploymentPostprocessing = 0;
		};
/* End PBXResourcesBuildPhase section */

/* Begin PBXShellScriptBuildPhase section */
		1F6B411B2B82FBEB00A7118F /* ShellScript */ = {
			isa = PBXShellScriptBuildPhase;
			alwaysOutOfDate = 1;
			buildActionMask = 2147483647;
			files = (
			);
			inputFileListPaths = (
			);
			inputPaths = (
			);
			outputFileListPaths = (
			);
			outputPaths = (
				$SRCROOT/R.generated.swift,
			);
			runOnlyForDeploymentPostprocessing = 0;
			shellPath = /bin/sh;
			shellScript = "# Type a script or drag a script file from your workspace to insert its path.\n\"$PODS_ROOT/R.swift/rswift\" generate \"$SRCROOT/R.generated.swift\"\n";
		};
		774D4661D8C7CF089408EAC2 /* [CP] Embed Pods Frameworks */ = {
			isa = PBXShellScriptBuildPhase;
			buildActionMask = 2147483647;
			files = (
			);
			inputFileListPaths = (
				"${PODS_ROOT}/Target Support Files/Pods-wifiCamCarro/Pods-wifiCamCarro-frameworks-${CONFIGURATION}-input-files.xcfilelist",
			);
			name = "[CP] Embed Pods Frameworks";
			outputFileListPaths = (
				"${PODS_ROOT}/Target Support Files/Pods-wifiCamCarro/Pods-wifiCamCarro-frameworks-${CONFIGURATION}-output-files.xcfilelist",
			);
			runOnlyForDeploymentPostprocessing = 0;
			shellPath = /bin/sh;
			shellScript = "\"${PODS_ROOT}/Target Support Files/Pods-wifiCamCarro/Pods-wifiCamCarro-frameworks.sh\"\n";
			showEnvVarsInLog = 0;
		};
		ADBF5897DB20D20FC0B4099B /* [CP] Check Pods Manifest.lock */ = {
			isa = PBXShellScriptBuildPhase;
			buildActionMask = 2147483647;
			files = (
			);
			inputFileListPaths = (
			);
			inputPaths = (
				"${PODS_PODFILE_DIR_PATH}/Podfile.lock",
				"${PODS_ROOT}/Manifest.lock",
			);
			name = "[CP] Check Pods Manifest.lock";
			outputFileListPaths = (
			);
			outputPaths = (
				"$(DERIVED_FILE_DIR)/Pods-wifiCamCarro-checkManifestLockResult.txt",
			);
			runOnlyForDeploymentPostprocessing = 0;
			shellPath = /bin/sh;
			shellScript = "diff \"${PODS_PODFILE_DIR_PATH}/Podfile.lock\" \"${PODS_ROOT}/Manifest.lock\" > /dev/null\nif [ $? != 0 ] ; then\n    # print error to STDERR\n    echo \"error: The sandbox is not in sync with the Podfile.lock. Run 'pod install' or update your CocoaPods installation.\" >&2\n    exit 1\nfi\n# This output is used by Xcode 'outputs' to avoid re-running this script phase.\necho \"SUCCESS\" > \"${SCRIPT_OUTPUT_FILE_0}\"\n";
			showEnvVarsInLog = 0;
		};
/* End PBXShellScriptBuildPhase section */

/* Begin PBXSourcesBuildPhase section */
		1F5FEAAC288BAF1300D8C2B2 /* Sources */ = {
			isa = PBXSourcesBuildPhase;
			buildActionMask = 2147483647;
			files = (
				1F5FEAB8288BAF1300D8C2B2 /* ViewController.swift in Sources */,
				1F5FEAB4288BAF1300D8C2B2 /* AppDelegate.swift in Sources */,
				1F5FEAB6288BAF1300D8C2B2 /* SceneDelegate.swift in Sources */,
				1FC112D12C2F6B9B00C8DF4E /* InfoCommandsViewController.swift in Sources */,
				1F05D4442A817A65006C0D5D /* CameraStreamingService.swift in Sources */,
				1FD7642A2A836E9B006C8442 /* URLViewController.swift in Sources */,
				1F99684A288DCBB5008A1DB6 /* UIView+Extension.swift in Sources */,
				1FF748FC2A02AB3E006B25D6 /* Slider.swift in Sources */,
				1F6B41122B82F58400A7118F /* VideoManager.swift in Sources */,
				1FB1EE102CC82EA4000531EF /* ColorViewController.swift in Sources */,
				1F054EAE2B5E1DFC00544A55 /* Config.swift in Sources */,
				1F09ADFF2A09EB2A00BABD63 /* UDPManager.swift in Sources */,
				1FDCAE5C288CFFDF00C9CE7C /* Utils.swift in Sources */,
				1F6B411D2B82FD0C00A7118F /* R.generated.swift in Sources */,
			);
			runOnlyForDeploymentPostprocessing = 0;
		};
/* End PBXSourcesBuildPhase section */

/* Begin PBXVariantGroup section */
		1F5FEAB9288BAF1300D8C2B2 /* Main.storyboard */ = {
			isa = PBXVariantGroup;
			children = (
				1F5FEABA288BAF1300D8C2B2 /* Base */,
				1F6B41132B82F80100A7118F /* es-419 */,
				1F155F872B8306CA007942A8 /* en */,
			);
			name = Main.storyboard;
			sourceTree = "<group>";
		};
		1F5FEABE288BAF1400D8C2B2 /* LaunchScreen.storyboard */ = {
			isa = PBXVariantGroup;
			children = (
				1F5FEABF288BAF1400D8C2B2 /* Base */,
				1F6B41142B82F80100A7118F /* es-419 */,
			);
			name = LaunchScreen.storyboard;
			sourceTree = "<group>";
		};
		1F6B41222B83006B00A7118F /* Localizable.strings */ = {
			isa = PBXVariantGroup;
			children = (
				1F6B41212B83006B00A7118F /* es-419 */,
				1F6B41232B83006E00A7118F /* en */,
			);
			name = Localizable.strings;
			sourceTree = "<group>";
		};
/* End PBXVariantGroup section */

/* Begin XCBuildConfiguration section */
		1F5FEAC2288BAF1400D8C2B2 /* Debug */ = {
			isa = XCBuildConfiguration;
			buildSettings = {
				ALWAYS_SEARCH_USER_PATHS = NO;
				CLANG_ANALYZER_LOCALIZABILITY_NONLOCALIZED = YES;
				CLANG_ANALYZER_NONNULL = YES;
				CLANG_ANALYZER_NUMBER_OBJECT_CONVERSION = YES_AGGRESSIVE;
				CLANG_CXX_LANGUAGE_STANDARD = "gnu++17";
				CLANG_ENABLE_MODULES = YES;
				CLANG_ENABLE_OBJC_ARC = YES;
				CLANG_ENABLE_OBJC_WEAK = YES;
				CLANG_WARN_BLOCK_CAPTURE_AUTORELEASING = YES;
				CLANG_WARN_BOOL_CONVERSION = YES;
				CLANG_WARN_COMMA = YES;
				CLANG_WARN_CONSTANT_CONVERSION = YES;
				CLANG_WARN_DEPRECATED_OBJC_IMPLEMENTATIONS = YES;
				CLANG_WARN_DIRECT_OBJC_ISA_USAGE = YES_ERROR;
				CLANG_WARN_DOCUMENTATION_COMMENTS = YES;
				CLANG_WARN_EMPTY_BODY = YES;
				CLANG_WARN_ENUM_CONVERSION = YES;
				CLANG_WARN_INFINITE_RECURSION = YES;
				CLANG_WARN_INT_CONVERSION = YES;
				CLANG_WARN_NON_LITERAL_NULL_CONVERSION = YES;
				CLANG_WARN_OBJC_IMPLICIT_RETAIN_SELF = YES;
				CLANG_WARN_OBJC_LITERAL_CONVERSION = YES;
				CLANG_WARN_OBJC_ROOT_CLASS = YES_ERROR;
				CLANG_WARN_QUOTED_INCLUDE_IN_FRAMEWORK_HEADER = YES;
				CLANG_WARN_RANGE_LOOP_ANALYSIS = YES;
				CLANG_WARN_STRICT_PROTOTYPES = YES;
				CLANG_WARN_SUSPICIOUS_MOVE = YES;
				CLANG_WARN_UNGUARDED_AVAILABILITY = YES_AGGRESSIVE;
				CLANG_WARN_UNREACHABLE_CODE = YES;
				CLANG_WARN__DUPLICATE_METHOD_MATCH = YES;
				COPY_PHASE_STRIP = NO;
				DEBUG_INFORMATION_FORMAT = dwarf;
				ENABLE_STRICT_OBJC_MSGSEND = YES;
				ENABLE_TESTABILITY = YES;
				GCC_C_LANGUAGE_STANDARD = gnu11;
				GCC_DYNAMIC_NO_PIC = NO;
				GCC_NO_COMMON_BLOCKS = YES;
				GCC_OPTIMIZATION_LEVEL = 0;
				GCC_PREPROCESSOR_DEFINITIONS = (
					"DEBUG=1",
					"$(inherited)",
				);
				GCC_WARN_64_TO_32_BIT_CONVERSION = YES;
				GCC_WARN_ABOUT_RETURN_TYPE = YES_ERROR;
				GCC_WARN_UNDECLARED_SELECTOR = YES;
				GCC_WARN_UNINITIALIZED_AUTOS = YES_AGGRESSIVE;
				GCC_WARN_UNUSED_FUNCTION = YES;
				GCC_WARN_UNUSED_VARIABLE = YES;
				IPHONEOS_DEPLOYMENT_TARGET = 15.5;
				MTL_ENABLE_DEBUG_INFO = INCLUDE_SOURCE;
				MTL_FAST_MATH = YES;
				ONLY_ACTIVE_ARCH = YES;
				SDKROOT = iphoneos;
				SWIFT_ACTIVE_COMPILATION_CONDITIONS = DEBUG;
				SWIFT_OPTIMIZATION_LEVEL = "-Onone";
			};
			name = Debug;
		};
		1F5FEAC3288BAF1400D8C2B2 /* Release */ = {
			isa = XCBuildConfiguration;
			buildSettings = {
				ALWAYS_SEARCH_USER_PATHS = NO;
				CLANG_ANALYZER_LOCALIZABILITY_NONLOCALIZED = YES;
				CLANG_ANALYZER_NONNULL = YES;
				CLANG_ANALYZER_NUMBER_OBJECT_CONVERSION = YES_AGGRESSIVE;
				CLANG_CXX_LANGUAGE_STANDARD = "gnu++17";
				CLANG_ENABLE_MODULES = YES;
				CLANG_ENABLE_OBJC_ARC = YES;
				CLANG_ENABLE_OBJC_WEAK = YES;
				CLANG_WARN_BLOCK_CAPTURE_AUTORELEASING = YES;
				CLANG_WARN_BOOL_CONVERSION = YES;
				CLANG_WARN_COMMA = YES;
				CLANG_WARN_CONSTANT_CONVERSION = YES;
				CLANG_WARN_DEPRECATED_OBJC_IMPLEMENTATIONS = YES;
				CLANG_WARN_DIRECT_OBJC_ISA_USAGE = YES_ERROR;
				CLANG_WARN_DOCUMENTATION_COMMENTS = YES;
				CLANG_WARN_EMPTY_BODY = YES;
				CLANG_WARN_ENUM_CONVERSION = YES;
				CLANG_WARN_INFINITE_RECURSION = YES;
				CLANG_WARN_INT_CONVERSION = YES;
				CLANG_WARN_NON_LITERAL_NULL_CONVERSION = YES;
				CLANG_WARN_OBJC_IMPLICIT_RETAIN_SELF = YES;
				CLANG_WARN_OBJC_LITERAL_CONVERSION = YES;
				CLANG_WARN_OBJC_ROOT_CLASS = YES_ERROR;
				CLANG_WARN_QUOTED_INCLUDE_IN_FRAMEWORK_HEADER = YES;
				CLANG_WARN_RANGE_LOOP_ANALYSIS = YES;
				CLANG_WARN_STRICT_PROTOTYPES = YES;
				CLANG_WARN_SUSPICIOUS_MOVE = YES;
				CLANG_WARN_UNGUARDED_AVAILABILITY = YES_AGGRESSIVE;
				CLANG_WARN_UNREACHABLE_CODE = YES;
				CLANG_WARN__DUPLICATE_METHOD_MATCH = YES;
				COPY_PHASE_STRIP = NO;
				DEBUG_INFORMATION_FORMAT = "dwarf-with-dsym";
				ENABLE_NS_ASSERTIONS = NO;
				ENABLE_STRICT_OBJC_MSGSEND = YES;
				GCC_C_LANGUAGE_STANDARD = gnu11;
				GCC_NO_COMMON_BLOCKS = YES;
				GCC_WARN_64_TO_32_BIT_CONVERSION = YES;
				GCC_WARN_ABOUT_RETURN_TYPE = YES_ERROR;
				GCC_WARN_UNDECLARED_SELECTOR = YES;
				GCC_WARN_UNINITIALIZED_AUTOS = YES_AGGRESSIVE;
				GCC_WARN_UNUSED_FUNCTION = YES;
				GCC_WARN_UNUSED_VARIABLE = YES;
				IPHONEOS_DEPLOYMENT_TARGET = 15.5;
				MTL_ENABLE_DEBUG_INFO = NO;
				MTL_FAST_MATH = YES;
				SDKROOT = iphoneos;
				SWIFT_COMPILATION_MODE = wholemodule;
				SWIFT_OPTIMIZATION_LEVEL = "-O";
				VALIDATE_PRODUCT = YES;
			};
			name = Release;
		};
		1F5FEAC5288BAF1400D8C2B2 /* Debug */ = {
			isa = XCBuildConfiguration;
			baseConfigurationReference = 016435145BCCB58991087ACC /* Pods-wifiCamCarro.debug.xcconfig */;
			buildSettings = {
				ASSETCATALOG_COMPILER_APPICON_NAME = AppIcon;
				ASSETCATALOG_COMPILER_GLOBAL_ACCENT_COLOR_NAME = AccentColor;
				CODE_SIGN_STYLE = Automatic;
				CURRENT_PROJECT_VERSION = 1;
				DEVELOPMENT_TEAM = 5M234ELRUU;
				GENERATE_INFOPLIST_FILE = YES;
				INFOPLIST_FILE = wifiCamCarro/Info.plist;
				INFOPLIST_KEY_LSApplicationCategoryType = "public.app-category.utilities";
				INFOPLIST_KEY_NSPhotoLibraryAddUsageDescription = "Please allow access to save photo in your photo library";
				INFOPLIST_KEY_UIApplicationSupportsIndirectInputEvents = YES;
				INFOPLIST_KEY_UILaunchStoryboardName = LaunchScreen;
				INFOPLIST_KEY_UIMainStoryboardFile = Main;
				INFOPLIST_KEY_UISupportedInterfaceOrientations = "UIInterfaceOrientationLandscapeLeft UIInterfaceOrientationLandscapeRight";
				INFOPLIST_KEY_UISupportedInterfaceOrientations_iPad = "UIInterfaceOrientationLandscapeLeft UIInterfaceOrientationLandscapeRight UIInterfaceOrientationPortraitUpsideDown";
				LD_RUNPATH_SEARCH_PATHS = (
					"$(inherited)",
					"@executable_path/Frameworks",
				);
				MARKETING_VERSION = 1.0;
				PRODUCT_BUNDLE_IDENTIFIER = com.sheeds.wifiCamCarro;
				PRODUCT_NAME = "$(TARGET_NAME)";
				SWIFT_EMIT_LOC_STRINGS = YES;
				SWIFT_VERSION = 5.0;
				TARGETED_DEVICE_FAMILY = "1,2";
			};
			name = Debug;
		};
		1F5FEAC6288BAF1400D8C2B2 /* Release */ = {
			isa = XCBuildConfiguration;
			baseConfigurationReference = 4B1308155B5D391CA4AF7246 /* Pods-wifiCamCarro.release.xcconfig */;
			buildSettings = {
				ASSETCATALOG_COMPILER_APPICON_NAME = AppIcon;
				ASSETCATALOG_COMPILER_GLOBAL_ACCENT_COLOR_NAME = AccentColor;
				CODE_SIGN_STYLE = Automatic;
				CURRENT_PROJECT_VERSION = 1;
				DEVELOPMENT_TEAM = 5M234ELRUU;
				GENERATE_INFOPLIST_FILE = YES;
				INFOPLIST_FILE = wifiCamCarro/Info.plist;
				INFOPLIST_KEY_LSApplicationCategoryType = "public.app-category.utilities";
				INFOPLIST_KEY_NSPhotoLibraryAddUsageDescription = "Please allow access to save photo in your photo library";
				INFOPLIST_KEY_UIApplicationSupportsIndirectInputEvents = YES;
				INFOPLIST_KEY_UILaunchStoryboardName = LaunchScreen;
				INFOPLIST_KEY_UIMainStoryboardFile = Main;
				INFOPLIST_KEY_UISupportedInterfaceOrientations = "UIInterfaceOrientationLandscapeLeft UIInterfaceOrientationLandscapeRight";
				INFOPLIST_KEY_UISupportedInterfaceOrientations_iPad = "UIInterfaceOrientationLandscapeLeft UIInterfaceOrientationLandscapeRight UIInterfaceOrientationPortraitUpsideDown";
				LD_RUNPATH_SEARCH_PATHS = (
					"$(inherited)",
					"@executable_path/Frameworks",
				);
				MARKETING_VERSION = 1.0;
				PRODUCT_BUNDLE_IDENTIFIER = com.sheeds.wifiCamCarro;
				PRODUCT_NAME = "$(TARGET_NAME)";
				SWIFT_EMIT_LOC_STRINGS = YES;
				SWIFT_VERSION = 5.0;
				TARGETED_DEVICE_FAMILY = "1,2";
			};
			name = Release;
		};
/* End XCBuildConfiguration section */

/* Begin XCConfigurationList section */
		1F5FEAAB288BAF1300D8C2B2 /* Build configuration list for PBXProject "wifiCamCarro" */ = {
			isa = XCConfigurationList;
			buildConfigurations = (
				1F5FEAC2288BAF1400D8C2B2 /* Debug */,
				1F5FEAC3288BAF1400D8C2B2 /* Release */,
			);
			defaultConfigurationIsVisible = 0;
			defaultConfigurationName = Release;
		};
		1F5FEAC4288BAF1400D8C2B2 /* Build configuration list for PBXNativeTarget "wifiCamCarro" */ = {
			isa = XCConfigurationList;
			buildConfigurations = (
				1F5FEAC5288BAF1400D8C2B2 /* Debug */,
				1F5FEAC6288BAF1400D8C2B2 /* Release */,
			);
			defaultConfigurationIsVisible = 0;
			defaultConfigurationName = Release;
		};
/* End XCConfigurationList section */

/* Begin XCRemoteSwiftPackageReference section */
		1FD764262A836E7D006C8442 /* XCRemoteSwiftPackageReference "SwiftyUserDefaults" */ = {
			isa = XCRemoteSwiftPackageReference;
			repositoryURL = "https://github.com/sunshinejr/SwiftyUserDefaults.git";
			requirement = {
				kind = upToNextMajorVersion;
				minimumVersion = 5.0.0;
			};
		};
/* End XCRemoteSwiftPackageReference section */

/* Begin XCSwiftPackageProductDependency section */
		1FD764272A836E7D006C8442 /* SwiftyUserDefaults */ = {
			isa = XCSwiftPackageProductDependency;
			package = 1FD764262A836E7D006C8442 /* XCRemoteSwiftPackageReference "SwiftyUserDefaults" */;
			productName = SwiftyUserDefaults;
		};
/* End XCSwiftPackageProductDependency section */
	};
	rootObject = 1F5FEAA8288BAF1300D8C2B2 /* Project object */;
}
